
Microsoft Visual Studio Solution File, Format Version 12.00
# Visual Studio Version 16
VisualStudioVersion = 16.0.29424.173
MinimumVisualStudioVersion = 10.0.40219.1
Project("{9A19103F-16F7-4668-BE54-9A1E7A4F7556}") = "PhotoManager", "PhotoManager.csproj", "{94CB4550-FB6B-4C67-88C8-C90A596635F1}"
EndProject
Global
	GlobalSection(SolutionConfigurationPlatforms) = preSolution
		Debug|Any CPU = Debug|Any CPU
		Release|Any CPU = Release|Any CPU
	EndGlobalSection
	GlobalSection(ProjectConfigurationPlatforms) = postSolution
		{94CB4550-FB6B-4C67-88C8-C90A596635F1}.Debug|Any CPU.ActiveCfg = Debug|Any CPU
		{94CB4550-FB6B-4C67-88C8-C90A596635F1}.Debug|Any CPU.Build.0 = Debug|Any CPU
		{94CB4550-FB6B-4C67-88C8-C90A596635F1}.Release|Any CPU.ActiveCfg = Release|Any CPU
		{94CB4550-FB6B-4C67-88C8-C90A596635F1}.Release|Any CPU.Build.0 = Release|Any CPU
	EndGlobalSection
	GlobalSection(SolutionProperties) = preSolution
		HideSolutionNode = FALSE
	EndGlobalSection
	GlobalSection(ExtensibilityGlobals) = postSolution
		SolutionGuid = {C920451A-E82F-426E-B18E-C28424588FD3}
	EndGlobalSection
EndGlobal
